
Microsoft Visual Studio Solution File, Format Version 12.00
# Visual Studio Version 17
VisualStudioVersion = 17.5.33502.453
MinimumVisualStudioVersion = 10.0.40219.1
Project("{FAE04EC0-301F-11D3-BF4B-00C04F79EFBC}") = "KhaoThi23", "KhaoThi23.csproj", "{7E52641C-4F8A-4D54-B13B-774218611C8D}"
EndProject
Global
	GlobalSection(SolutionConfigurationPlatforms) = preSolution
		Debug|Any CPU = Debug|Any CPU
		Release|Any CPU = Release|Any CPU
	EndGlobalSection
	GlobalSection(ProjectConfigurationPlatforms) = postSolution
		{7E52641C-4F8A-4D54-B13B-774218611C8D}.Debug|Any CPU.ActiveCfg = Debug|Any CPU
		{7E52641C-4F8A-4D54-B13B-774218611C8D}.Debug|Any CPU.Build.0 = Debug|Any CPU
		{7E52641C-4F8A-4D54-B13B-774218611C8D}.Release|Any CPU.ActiveCfg = Release|Any CPU
		{7E52641C-4F8A-4D54-B13B-774218611C8D}.Release|Any CPU.Build.0 = Release|Any CPU
	EndGlobalSection
	GlobalSection(SolutionProperties) = preSolution
		HideSolutionNode = FALSE
	EndGlobalSection
	GlobalSection(ExtensibilityGlobals) = postSolution
		SolutionGuid = {3F3826BD-79F0-4FC4-A7BC-FC40E5E3D565}
	EndGlobalSection
EndGlobal
